// !$*UTF8*$!
{
	archiveVersion = 1;
	classes = {
	};
	objectVersion = 46;
	objects = {

/* Begin PBXBuildFile section */
		90BF2C7715F011D70056D45D /* UIKit.framework in Frameworks */ = {isa = PBXBuildFile; fileRef = 90BF2C7615F011D70056D45D /* UIKit.framework */; };
		90BF2C7915F011D70056D45D /* Foundation.framework in Frameworks */ = {isa = PBXBuildFile; fileRef = 90BF2C7815F011D70056D45D /* Foundation.framework */; };
		90BF2C7B15F011D70056D45D /* CoreGraphics.framework in Frameworks */ = {isa = PBXBuildFile; fileRef = 90BF2C7A15F011D70056D45D /* CoreGraphics.framework */; };
		90BF2C8115F011D70056D45D /* InfoPlist.strings in Resources */ = {isa = PBXBuildFile; fileRef = 90BF2C7F15F011D70056D45D /* InfoPlist.strings */; };
		90BF2C8315F011D70056D45D /* main.m in Sources */ = {isa = PBXBuildFile; fileRef = 90BF2C8215F011D70056D45D /* main.m */; };
		90BF2C8715F011D70056D45D /* VVAppDelegate.m in Sources */ = {isa = PBXBuildFile; fileRef = 90BF2C8615F011D70056D45D /* VVAppDelegate.m */; };
		90BF2C8F15F012170056D45D /* VVUltimosTweetsViewController.m in Sources */ = {isa = PBXBuildFile; fileRef = 90BF2C8E15F012170056D45D /* VVUltimosTweetsViewController.m */; };
		90BF2C9215F016A30056D45D /* VVTweet.m in Sources */ = {isa = PBXBuildFile; fileRef = 90BF2C9115F016A30056D45D /* VVTweet.m */; };
/* End PBXBuildFile section */

/* Begin PBXFileReference section */
		90BF2C7215F011D70056D45D /* Twitter.app */ = {isa = PBXFileReference; explicitFileType = wrapper.application; includeInIndex = 0; path = Twitter.app; sourceTree = BUILT_PRODUCTS_DIR; };
		90BF2C7615F011D70056D45D /* UIKit.framework */ = {isa = PBXFileReference; lastKnownFileType = wrapper.framework; name = UIKit.framework; path = System/Library/Frameworks/UIKit.framework; sourceTree = SDKROOT; };
		90BF2C7815F011D70056D45D /* Foundation.framework */ = {isa = PBXFileReference; lastKnownFileType = wrapper.framework; name = Foundation.framework; path = System/Library/Frameworks/Foundation.framework; sourceTree = SDKROOT; };
		90BF2C7A15F011D70056D45D /* CoreGraphics.framework */ = {isa = PBXFileReference; lastKnownFileType = wrapper.framework; name = CoreGraphics.framework; path = System/Library/Frameworks/CoreGraphics.framework; sourceTree = SDKROOT; };
		90BF2C7E15F011D70056D45D /* Twitter-Info.plist */ = {isa = PBXFileReference; lastKnownFileType = text.plist.xml; path = "Twitter-Info.plist"; sourceTree = "<group>"; };
		90BF2C8015F011D70056D45D /* en */ = {isa = PBXFileReference; lastKnownFileType = text.plist.strings; name = en; path = en.lproj/InfoPlist.strings; sourceTree = "<group>"; };
		90BF2C8215F011D70056D45D /* main.m */ = {isa = PBXFileReference; lastKnownFileType = sourcecode.c.objc; path = main.m; sourceTree = "<group>"; };
		90BF2C8415F011D70056D45D /* Twitter-Prefix.pch */ = {isa = PBXFileReference; lastKnownFileType = sourcecode.c.h; path = "Twitter-Prefix.pch"; sourceTree = "<group>"; };
		90BF2C8515F011D70056D45D /* VVAppDelegate.h */ = {isa = PBXFileReference; lastKnownFileType = sourcecode.c.h; path = VVAppDelegate.h; sourceTree = "<group>"; };
		90BF2C8615F011D70056D45D /* VVAppDelegate.m */ = {isa = PBXFileReference; lastKnownFileType = sourcecode.c.objc; path = VVAppDelegate.m; sourceTree = "<group>"; };
		90BF2C8D15F012170056D45D /* VVUltimosTweetsViewController.h */ = {isa = PBXFileReference; fileEncoding = 4; lastKnownFileType = sourcecode.c.h; name = VVUltimosTweetsViewController.h; path = ../VVUltimosTweetsViewController.h; sourceTree = "<group>"; };
		90BF2C8E15F012170056D45D /* VVUltimosTweetsViewController.m */ = {isa = PBXFileReference; fileEncoding = 4; lastKnownFileType = sourcecode.c.objc; name = VVUltimosTweetsViewController.m; path = ../VVUltimosTweetsViewController.m; sourceTree = "<group>"; };
		90BF2C9015F016A30056D45D /* VVTweet.h */ = {isa = PBXFileReference; fileEncoding = 4; lastKnownFileType = sourcecode.c.h; path = VVTweet.h; sourceTree = "<group>"; };
		90BF2C9115F016A30056D45D /* VVTweet.m */ = {isa = PBXFileReference; fileEncoding = 4; lastKnownFileType = sourcecode.c.objc; path = VVTweet.m; sourceTree = "<group>"; };
/* End PBXFileReference section */

/* Begin PBXFrameworksBuildPhase section */
		90BF2C6F15F011D70056D45D /* Frameworks */ = {
			isa = PBXFrameworksBuildPhase;
			buildActionMask = 2147483647;
			files = (
				90BF2C7715F011D70056D45D /* UIKit.framework in Frameworks */,
				90BF2C7915F011D70056D45D /* Foundation.framework in Frameworks */,
				90BF2C7B15F011D70056D45D /* CoreGraphics.framework in Frameworks */,
			);
			runOnlyForDeploymentPostprocessing = 0;
		};
/* End PBXFrameworksBuildPhase section */

/* Begin PBXGroup section */
		90BF2C6715F011D70056D45D = {
			isa = PBXGroup;
			children = (
				90BF2C7C15F011D70056D45D /* Twitter */,
				90BF2C7515F011D70056D45D /* Frameworks */,
				90BF2C7315F011D70056D45D /* Products */,
			);
			sourceTree = "<group>";
		};
		90BF2C7315F011D70056D45D /* Products */ = {
			isa = PBXGroup;
			children = (
				90BF2C7215F011D70056D45D /* Twitter.app */,
			);
			name = Products;
			sourceTree = "<group>";
		};
		90BF2C7515F011D70056D45D /* Frameworks */ = {
			isa = PBXGroup;
			children = (
				90BF2C7615F011D70056D45D /* UIKit.framework */,
				90BF2C7815F011D70056D45D /* Foundation.framework */,
				90BF2C7A15F011D70056D45D /* CoreGraphics.framework */,
			);
			name = Frameworks;
			sourceTree = "<group>";
		};
		90BF2C7C15F011D70056D45D /* Twitter */ = {
			isa = PBXGroup;
			children = (
				90BF2C7D15F011D70056D45D /* Supporting Files */,
				90BF2C8515F011D70056D45D /* VVAppDelegate.h */,
				90BF2C8615F011D70056D45D /* VVAppDelegate.m */,
				90BF2C8D15F012170056D45D /* VVUltimosTweetsViewController.h */,
				90BF2C8E15F012170056D45D /* VVUltimosTweetsViewController.m */,
				90BF2C9015F016A30056D45D /* VVTweet.h */,
				90BF2C9115F016A30056D45D /* VVTweet.m */,
			);
			path = Twitter;
			sourceTree = "<group>";
		};
		90BF2C7D15F011D70056D45D /* Supporting Files */ = {
			isa = PBXGroup;
			children = (
				90BF2C7E15F011D70056D45D /* Twitter-Info.plist */,
				90BF2C7F15F011D70056D45D /* InfoPlist.strings */,
				90BF2C8215F011D70056D45D /* main.m */,
				90BF2C8415F011D70056D45D /* Twitter-Prefix.pch */,
			);
			name = "Supporting Files";
			sourceTree = "<group>";
		};
/* End PBXGroup section */

/* Begin PBXNativeTarget section */
		90BF2C7115F011D70056D45D /* Twitter */ = {
			isa = PBXNativeTarget;
			buildConfigurationList = 90BF2C8A15F011D70056D45D /* Build configuration list for PBXNativeTarget "Twitter" */;
			buildPhases = (
				90BF2C6E15F011D70056D45D /* Sources */,
				90BF2C6F15F011D70056D45D /* Frameworks */,
				90BF2C7015F011D70056D45D /* Resources */,
			);
			buildRules = (
			);
			dependencies = (
			);
			name = Twitter;
			productName = Twitter;
			productReference = 90BF2C7215F011D70056D45D /* Twitter.app */;
			productType = "com.apple.product-type.application";
		};
/* End PBXNativeTarget section */

/* Begin PBXProject section */
		90BF2C6915F011D70056D45D /* Project object */ = {
			isa = PBXProject;
			attributes = {
				CLASSPREFIX = VV;
				LastUpgradeCheck = 0430;
			};
			buildConfigurationList = 90BF2C6C15F011D70056D45D /* Build configuration list for PBXProject "Twitter" */;
			compatibilityVersion = "Xcode 3.2";
			developmentRegion = English;
			hasScannedForEncodings = 0;
			knownRegions = (
				en,
			);
			mainGroup = 90BF2C6715F011D70056D45D;
			productRefGroup = 90BF2C7315F011D70056D45D /* Products */;
			projectDirPath = "";
			projectRoot = "";
			targets = (
				90BF2C7115F011D70056D45D /* Twitter */,
			);
		};
/* End PBXProject section */

/* Begin PBXResourcesBuildPhase section */
		90BF2C7015F011D70056D45D /* Resources */ = {
			isa = PBXResourcesBuildPhase;
			buildActionMask = 2147483647;
			files = (
				90BF2C8115F011D70056D45D /* InfoPlist.strings in Resources */,
			);
			runOnlyForDeploymentPostprocessing = 0;
		};
/* End PBXResourcesBuildPhase section */

/* Begin PBXSourcesBuildPhase section */
		90BF2C6E15F011D70056D45D /* Sources */ = {
			isa = PBXSourcesBuildPhase;
			buildActionMask = 2147483647;
			files = (
				90BF2C8315F011D70056D45D /* main.m in Sources */,
				90BF2C8715F011D70056D45D /* VVAppDelegate.m in Sources */,
				90BF2C8F15F012170056D45D /* VVUltimosTweetsViewController.m in Sources */,
				90BF2C9215F016A30056D45D /* VVTweet.m in Sources */,
			);
			runOnlyForDeploymentPostprocessing = 0;
		};
/* End PBXSourcesBuildPhase section */

/* Begin PBXVariantGroup section */
		90BF2C7F15F011D70056D45D /* InfoPlist.strings */ = {
			isa = PBXVariantGroup;
			children = (
				90BF2C8015F011D70056D45D /* en */,
			);
			name = InfoPlist.strings;
			sourceTree = "<group>";
		};
/* End PBXVariantGroup section */

/* Begin XCBuildConfiguration section */
		90BF2C8815F011D70056D45D /* Debug */ = {
			isa = XCBuildConfiguration;
			buildSettings = {
				ALWAYS_SEARCH_USER_PATHS = NO;
				ARCHS = "$(ARCHS_STANDARD_32_BIT)";
				CLANG_ENABLE_OBJC_ARC = YES;
				"CODE_SIGN_IDENTITY[sdk=iphoneos*]" = "iPhone Developer";
				COPY_PHASE_STRIP = NO;
				GCC_C_LANGUAGE_STANDARD = gnu99;
				GCC_DYNAMIC_NO_PIC = NO;
				GCC_OPTIMIZATION_LEVEL = 0;
				GCC_PREPROCESSOR_DEFINITIONS = (
					"DEBUG=1",
					"$(inherited)",
				);
				GCC_SYMBOLS_PRIVATE_EXTERN = NO;
				GCC_VERSION = com.apple.compilers.llvm.clang.1_0;
				GCC_WARN_ABOUT_RETURN_TYPE = YES;
				GCC_WARN_UNINITIALIZED_AUTOS = YES;
				GCC_WARN_UNUSED_VARIABLE = YES;
				IPHONEOS_DEPLOYMENT_TARGET = 5.1;
				SDKROOT = iphoneos;
			};
			name = Debug;
		};
		90BF2C8915F011D70056D45D /* Release */ = {
			isa = XCBuildConfiguration;
			buildSettings = {
				ALWAYS_SEARCH_USER_PATHS = NO;
				ARCHS = "$(ARCHS_STANDARD_32_BIT)";
				CLANG_ENABLE_OBJC_ARC = YES;
				"CODE_SIGN_IDENTITY[sdk=iphoneos*]" = "iPhone Developer";
				COPY_PHASE_STRIP = YES;
				GCC_C_LANGUAGE_STANDARD = gnu99;
				GCC_VERSION = com.apple.compilers.llvm.clang.1_0;
				GCC_WARN_ABOUT_RETURN_TYPE = YES;
				GCC_WARN_UNINITIALIZED_AUTOS = YES;
				GCC_WARN_UNUSED_VARIABLE = YES;
				IPHONEOS_DEPLOYMENT_TARGET = 5.1;
				OTHER_CFLAGS = "-DNS_BLOCK_ASSERTIONS=1";
				SDKROOT = iphoneos;
				VALIDATE_PRODUCT = YES;
			};
			name = Release;
		};
		90BF2C8B15F011D70056D45D /* Debug */ = {
			isa = XCBuildConfiguration;
			buildSettings = {
				GCC_PRECOMPILE_PREFIX_HEADER = YES;
				GCC_PREFIX_HEADER = "Twitter/Twitter-Prefix.pch";
				INFOPLIST_FILE = "Twitter/Twitter-Info.plist";
				PRODUCT_NAME = "$(TARGET_NAME)";
				WRAPPER_EXTENSION = app;
			};
			name = Debug;
		};
		90BF2C8C15F011D70056D45D /* Release */ = {
			isa = XCBuildConfiguration;
			buildSettings = {
				GCC_PRECOMPILE_PREFIX_HEADER = YES;
				GCC_PREFIX_HEADER = "Twitter/Twitter-Prefix.pch";
				INFOPLIST_FILE = "Twitter/Twitter-Info.plist";
				PRODUCT_NAME = "$(TARGET_NAME)";
				WRAPPER_EXTENSION = app;
			};
			name = Release;
		};
/* End XCBuildConfiguration section */

/* Begin XCConfigurationList section */
		90BF2C6C15F011D70056D45D /* Build configuration list for PBXProject "Twitter" */ = {
			isa = XCConfigurationList;
			buildConfigurations = (
				90BF2C8815F011D70056D45D /* Debug */,
				90BF2C8915F011D70056D45D /* Release */,
			);
			defaultConfigurationIsVisible = 0;
			defaultConfigurationName = Release;
		};
		90BF2C8A15F011D70056D45D /* Build configuration list for PBXNativeTarget "Twitter" */ = {
			isa = XCConfigurationList;
			buildConfigurations = (
				90BF2C8B15F011D70056D45D /* Debug */,
				90BF2C8C15F011D70056D45D /* Release */,
			);
			defaultConfigurationIsVisible = 0;
		};
/* End XCConfigurationList section */
	};
	rootObject = 90BF2C6915F011D70056D45D /* Project object */;
}
